
Microsoft Visual Studio Solution File, Format Version 12.00
# Visual Studio 2015
Project("{FAE04EC0-301F-11D3-BF4B-00C04F79EFBC}") = "NIMUnity", "NIMUnity.csproj", "{3EB45136-CF9B-2A86-9F64-69346C09B58A}"
EndProject
Global
	GlobalSection(SolutionConfigurationPlatforms) = preSolution
		Debug|Any CPU = Debug|Any CPU
		Release|Any CPU = Release|Any CPU
	EndGlobalSection
	GlobalSection(ProjectConfigurationPlatforms) = postSolution
		{3EB45136-CF9B-2A86-9F64-69346C09B58A}.Debug|Any CPU.ActiveCfg = Debug|Any CPU
		{3EB45136-CF9B-2A86-9F64-69346C09B58A}.Debug|Any CPU.Build.0 = Debug|Any CPU
		{3EB45136-CF9B-2A86-9F64-69346C09B58A}.Release|Any CPU.ActiveCfg = Release|Any CPU
		{3EB45136-CF9B-2A86-9F64-69346C09B58A}.Release|Any CPU.Build.0 = Release|Any CPU
	EndGlobalSection
	GlobalSection(SolutionProperties) = preSolution
		HideSolutionNode = FALSE
	EndGlobalSection
EndGlobal
